
Microsoft Visual Studio Solution File, Format Version 10.00
# Visual Studio 2008
Project("{FAE04EC0-301F-11D3-BF4B-00C04F79EFBC}") = "SqlBackup", "SqlBackup\SqlBackup.csproj", "{D4229219-4487-4129-8CB4-1768AE79868B}"
EndProject
Project("{54435603-DBB4-11D2-8724-00A0C9A8B90C}") = "BackupToolSetup", "BackupToolSetup\BackupToolSetup.vdproj", "{62DEE703-DC75-4C23-A0BC-A7F202EC0615}"
EndProject
Global
	GlobalSection(SolutionConfigurationPlatforms) = preSolution
		Debug|Any CPU = Debug|Any CPU
		Release|Any CPU = Release|Any CPU
	EndGlobalSection
	GlobalSection(ProjectConfigurationPlatforms) = postSolution
		{D4229219-4487-4129-8CB4-1768AE79868B}.Debug|Any CPU.ActiveCfg = Debug|Any CPU
		{D4229219-4487-4129-8CB4-1768AE79868B}.Debug|Any CPU.Build.0 = Debug|Any CPU
		{D4229219-4487-4129-8CB4-1768AE79868B}.Release|Any CPU.ActiveCfg = Release|Any CPU
		{D4229219-4487-4129-8CB4-1768AE79868B}.Release|Any CPU.Build.0 = Release|Any CPU
		{62DEE703-DC75-4C23-A0BC-A7F202EC0615}.Debug|Any CPU.ActiveCfg = Debug
		{62DEE703-DC75-4C23-A0BC-A7F202EC0615}.Release|Any CPU.ActiveCfg = Release
	EndGlobalSection
	GlobalSection(SolutionProperties) = preSolution
		HideSolutionNode = FALSE
	EndGlobalSection
EndGlobal
